
Microsoft Visual Studio Solution File, Format Version 12.00
# Visual Studio Version 17
VisualStudioVersion = 17.1.32210.238
MinimumVisualStudioVersion = 10.0.40219.1
Project("{FAE04EC0-301F-11D3-BF4B-00C04F79EFBC}") = "XamarinCTin.Android", "XamarinCTin.Android\XamarinCTin.Android.csproj", "{A12A5A20-6ECC-4817-B906-56AC1F45284C}"
EndProject
Project("{9A19103F-16F7-4668-BE54-9A1E7A4F7556}") = "XamarinCTin", "XamarinCTin\XamarinCTin.csproj", "{5E9356DF-F664-49C3-BD8C-FC16996DB797}"
EndProject
Project("{2150E333-8FDC-42A3-9474-1A3956D46DE8}") = "Solution Items", "Solution Items", "{F99DEEFD-30A9-47C8-8C35-2270D47ADE99}"
EndProject
Global
	GlobalSection(SolutionConfigurationPlatforms) = preSolution
		Debug|Any CPU = Debug|Any CPU
		Release|Any CPU = Release|Any CPU
	EndGlobalSection
	GlobalSection(ProjectConfigurationPlatforms) = postSolution
		{A12A5A20-6ECC-4817-B906-56AC1F45284C}.Debug|Any CPU.ActiveCfg = Debug|Any CPU
		{A12A5A20-6ECC-4817-B906-56AC1F45284C}.Debug|Any CPU.Build.0 = Debug|Any CPU
		{A12A5A20-6ECC-4817-B906-56AC1F45284C}.Debug|Any CPU.Deploy.0 = Debug|Any CPU
		{A12A5A20-6ECC-4817-B906-56AC1F45284C}.Release|Any CPU.ActiveCfg = Release|Any CPU
		{A12A5A20-6ECC-4817-B906-56AC1F45284C}.Release|Any CPU.Build.0 = Release|Any CPU
		{A12A5A20-6ECC-4817-B906-56AC1F45284C}.Release|Any CPU.Deploy.0 = Release|Any CPU
		{5E9356DF-F664-49C3-BD8C-FC16996DB797}.Debug|Any CPU.ActiveCfg = Debug|Any CPU
		{5E9356DF-F664-49C3-BD8C-FC16996DB797}.Debug|Any CPU.Build.0 = Debug|Any CPU
		{5E9356DF-F664-49C3-BD8C-FC16996DB797}.Debug|Any CPU.Deploy.0 = Debug|Any CPU
		{5E9356DF-F664-49C3-BD8C-FC16996DB797}.Release|Any CPU.ActiveCfg = Release|Any CPU
		{5E9356DF-F664-49C3-BD8C-FC16996DB797}.Release|Any CPU.Build.0 = Release|Any CPU
		{5E9356DF-F664-49C3-BD8C-FC16996DB797}.Release|Any CPU.Deploy.0 = Release|Any CPU
	EndGlobalSection
	GlobalSection(SolutionProperties) = preSolution
		HideSolutionNode = FALSE
	EndGlobalSection
	GlobalSection(ExtensibilityGlobals) = postSolution
		SolutionGuid = {65E2D7CD-F489-4AF5-A2E6-5E4EFB268670}
	EndGlobalSection
EndGlobal
